{
	"name": "peerpiper-website",
	"version": "0.1.10",
	"lockfileVersion": 2,
	"requires": true,
	"packages": {
		"": {
			"name": "peerpiper-website",
			"version": "0.1.10",
			"license": "MIT-CC",
			"dependencies": {
				"@fontsource/fira-mono": "^4.5.0",
				"@lukeed/uuid": "^2.0.0",
				"@peerpiper/web3-wallet-connector": "github:peerpiper/web3-wallet-connector",
				"cookie": "^0.4.1",
				"mdsvex": "^0.9.8",
				"svelte-typewriter": "^3.0.0-alpha.5"
			},
			"devDependencies": {
				"@sveltejs/adapter-auto": "next",
				"@sveltejs/adapter-static": "^1.0.0-next.24",
				"@sveltejs/adapter-vercel": "^1.0.0-next.32",
				"@sveltejs/kit": "next",
				"@types/cookie": "^0.4.1",
				"prettier": "^2.4.1",
				"prettier-plugin-svelte": "^2.4.0",
				"svelte": "^3.44.0",
				"svelte-check": "^2.2.6",
				"svelte-preprocess": "^4.9.4",
				"sveltejs-adapter-ipfs": "^0.1.10",
				"tslib": "^2.3.1",
				"typescript": "^4.4.3"
			},
			"engines": {
				"node": ">=14.18.1",
				"npm": ">=8.0.0"
			}
		},
		"node_modules/@fontsource/fira-mono": {
			"version": "4.5.0",
			"license": "MIT"
		},
		"node_modules/@iarna/toml": {
			"version": "2.2.5",
			"dev": true,
			"license": "ISC"
		},
		"node_modules/@lukeed/csprng": {
			"version": "1.0.1",
			"license": "MIT",
			"engines": {
				"node": ">=8"
			}
		},
		"node_modules/@lukeed/uuid": {
			"version": "2.0.0",
			"license": "MIT",
			"dependencies": {
				"@lukeed/csprng": "^1.0.0"
			},
			"engines": {
				"node": ">=8"
			}
		},
		"node_modules/@nodelib/fs.scandir": {
			"version": "2.1.5",
			"dev": true,
			"license": "MIT",
			"dependencies": {
				"@nodelib/fs.stat": "2.0.5",
				"run-parallel": "^1.1.9"
			},
			"engines": {
				"node": ">= 8"
			}
		},
		"node_modules/@nodelib/fs.stat": {
			"version": "2.0.5",
			"dev": true,
			"license": "MIT",
			"engines": {
				"node": ">= 8"
			}
		},
		"node_modules/@nodelib/fs.walk": {
			"version": "1.2.8",
			"dev": true,
			"license": "MIT",
			"dependencies": {
				"@nodelib/fs.scandir": "2.1.5",
				"fastq": "^1.6.0"
			},
			"engines": {
				"node": ">= 8"
			}
		},
		"node_modules/@peerpiper/web3-wallet-connector": {
			"version": "0.0.5",
			"resolved": "git+ssh://git@github.com/peerpiper/web3-wallet-connector.git#b89f2e4814d4f8827f0cb72f9e70f6547a62065e",
			"dependencies": {
				"immortal-db": "^1.1.0",
				"penpal": "^6.2.1",
				"svelte-drag": "^2.4.0"
			}
		},
		"node_modules/@rollup/pluginutils": {
			"version": "4.1.2",
			"dev": true,
			"license": "MIT",
			"dependencies": {
				"estree-walker": "^2.0.1",
				"picomatch": "^2.2.2"
			},
			"engines": {
				"node": ">= 8.0.0"
			}
		},
		"node_modules/@sveltejs/adapter-auto": {
			"version": "1.0.0-next.9",
			"resolved": "https://registry.npmjs.org/@sveltejs/adapter-auto/-/adapter-auto-1.0.0-next.9.tgz",
			"integrity": "sha512-dx3NgDHIG7DdhjiAnAE7vLRf9odON0J3AEMFiTpIBf3nmnwmX6Xqxtr4Ai09Sjo23sWnMRFU/flqf6V6otigBA==",
			"dev": true,
			"dependencies": {
				"@sveltejs/adapter-cloudflare": "1.0.0-next.6",
				"@sveltejs/adapter-netlify": "1.0.0-next.37",
				"@sveltejs/adapter-vercel": "1.0.0-next.35"
			}
		},
		"node_modules/@sveltejs/adapter-cloudflare": {
			"version": "1.0.0-next.6",
			"dev": true,
			"license": "MIT",
			"dependencies": {
				"esbuild": "^0.13.15"
			}
		},
		"node_modules/@sveltejs/adapter-netlify": {
			"version": "1.0.0-next.37",
			"dev": true,
			"license": "MIT",
			"dependencies": {
				"@iarna/toml": "^2.2.5",
				"esbuild": "^0.13.15",
				"tiny-glob": "^0.2.9"
			}
		},
		"node_modules/@sveltejs/adapter-static": {
			"version": "1.0.0-next.24",
			"dev": true,
			"license": "MIT",
			"dependencies": {
				"tiny-glob": "^0.2.9"
			}
		},
		"node_modules/@sveltejs/adapter-vercel": {
			"version": "1.0.0-next.35",
			"dev": true,
			"license": "MIT",
			"dependencies": {
				"esbuild": "^0.13.15"
			}
		},
		"node_modules/@sveltejs/kit": {
			"version": "1.0.0-next.216",
			"resolved": "https://registry.npmjs.org/@sveltejs/kit/-/kit-1.0.0-next.216.tgz",
			"integrity": "sha512-FKg7PPlymsZ2aU8DteY1BH217M2dIAgfWzm8OVqazQn2uLbw25WbVqSJ5KdgW83mLYoxSWUNPrJX3TJNEG6jVg==",
			"dev": true,
			"dependencies": {
				"@sveltejs/vite-plugin-svelte": "^1.0.0-next.32",
				"sade": "^1.7.4",
				"vite": "^2.7.2"
			},
			"bin": {
				"svelte-kit": "svelte-kit.js"
			},
			"engines": {
				"node": ">=14.13"
			},
			"peerDependencies": {
				"svelte": "^3.44.0"
			}
		},
		"node_modules/@sveltejs/vite-plugin-svelte": {
			"version": "1.0.0-next.34",
			"dev": true,
			"license": "MIT",
			"dependencies": {
				"@rollup/pluginutils": "^4.1.2",
				"debug": "^4.3.3",
				"kleur": "^4.1.4",
				"magic-string": "^0.25.7",
				"require-relative": "^0.8.7",
				"svelte-hmr": "^0.14.9"
			},
			"engines": {
				"node": "^14.13.1 || >= 16"
			},
			"peerDependencies": {
				"diff-match-patch": "^1.0.5",
				"svelte": "^3.44.0",
				"vite": "^2.7.0"
			},
			"peerDependenciesMeta": {
				"diff-match-patch": {
					"optional": true
				}
			}
		},
		"node_modules/@types/cookie": {
			"version": "0.4.1",
			"dev": true,
			"license": "MIT"
		},
		"node_modules/@types/node": {
			"version": "17.0.8",
			"dev": true,
			"license": "MIT"
		},
		"node_modules/@types/pug": {
			"version": "2.0.6",
			"dev": true,
			"license": "MIT"
		},
		"node_modules/@types/sass": {
			"version": "1.43.1",
			"dev": true,
			"license": "MIT",
			"dependencies": {
				"@types/node": "*"
			}
		},
		"node_modules/@types/unist": {
			"version": "2.0.6",
			"license": "MIT"
		},
		"node_modules/ansi-styles": {
			"version": "4.3.0",
			"dev": true,
			"license": "MIT",
			"dependencies": {
				"color-convert": "^2.0.1"
			},
			"engines": {
				"node": ">=8"
			},
			"funding": {
				"url": "https://github.com/chalk/ansi-styles?sponsor=1"
			}
		},
		"node_modules/anymatch": {
			"version": "3.1.2",
			"dev": true,
			"license": "ISC",
			"dependencies": {
				"normalize-path": "^3.0.0",
				"picomatch": "^2.0.4"
			},
			"engines": {
				"node": ">= 8"
			}
		},
		"node_modules/balanced-match": {
			"version": "1.0.2",
			"dev": true,
			"license": "MIT"
		},
		"node_modules/binary-extensions": {
			"version": "2.2.0",
			"dev": true,
			"license": "MIT",
			"engines": {
				"node": ">=8"
			}
		},
		"node_modules/brace-expansion": {
			"version": "1.1.11",
			"dev": true,
			"license": "MIT",
			"dependencies": {
				"balanced-match": "^1.0.0",
				"concat-map": "0.0.1"
			}
		},
		"node_modules/braces": {
			"version": "3.0.2",
			"dev": true,
			"license": "MIT",
			"dependencies": {
				"fill-range": "^7.0.1"
			},
			"engines": {
				"node": ">=8"
			}
		},
		"node_modules/buffer-crc32": {
			"version": "0.2.13",
			"dev": true,
			"license": "MIT",
			"engines": {
				"node": "*"
			}
		},
		"node_modules/callsites": {
			"version": "3.1.0",
			"dev": true,
			"license": "MIT",
			"engines": {
				"node": ">=6"
			}
		},
		"node_modules/chalk": {
			"version": "4.1.2",
			"dev": true,
			"license": "MIT",
			"dependencies": {
				"ansi-styles": "^4.1.0",
				"supports-color": "^7.1.0"
			},
			"engines": {
				"node": ">=10"
			},
			"funding": {
				"url": "https://github.com/chalk/chalk?sponsor=1"
			}
		},
		"node_modules/chokidar": {
			"version": "3.5.2",
			"dev": true,
			"license": "MIT",
			"dependencies": {
				"anymatch": "~3.1.2",
				"braces": "~3.0.2",
				"glob-parent": "~5.1.2",
				"is-binary-path": "~2.1.0",
				"is-glob": "~4.0.1",
				"normalize-path": "~3.0.0",
				"readdirp": "~3.6.0"
			},
			"engines": {
				"node": ">= 8.10.0"
			},
			"optionalDependencies": {
				"fsevents": "~2.3.2"
			}
		},
		"node_modules/color-convert": {
			"version": "2.0.1",
			"dev": true,
			"license": "MIT",
			"dependencies": {
				"color-name": "~1.1.4"
			},
			"engines": {
				"node": ">=7.0.0"
			}
		},
		"node_modules/color-name": {
			"version": "1.1.4",
			"dev": true,
			"license": "MIT"
		},
		"node_modules/concat-map": {
			"version": "0.0.1",
			"dev": true,
			"license": "MIT"
		},
		"node_modules/cookie": {
			"version": "0.4.1",
			"license": "MIT",
			"engines": {
				"node": ">= 0.6"
			}
		},
		"node_modules/debug": {
			"version": "4.3.3",
			"dev": true,
			"license": "MIT",
			"dependencies": {
				"ms": "2.1.2"
			},
			"engines": {
				"node": ">=6.0"
			},
			"peerDependenciesMeta": {
				"supports-color": {
					"optional": true
				}
			}
		},
		"node_modules/detect-indent": {
			"version": "6.1.0",
			"dev": true,
			"license": "MIT",
			"engines": {
				"node": ">=8"
			}
		},
		"node_modules/es6-promise": {
			"version": "3.3.1",
			"dev": true,
			"license": "MIT"
		},
		"node_modules/esbuild": {
			"version": "0.13.15",
			"dev": true,
			"hasInstallScript": true,
			"license": "MIT",
			"bin": {
				"esbuild": "bin/esbuild"
			},
			"optionalDependencies": {
				"esbuild-android-arm64": "0.13.15",
				"esbuild-darwin-64": "0.13.15",
				"esbuild-darwin-arm64": "0.13.15",
				"esbuild-freebsd-64": "0.13.15",
				"esbuild-freebsd-arm64": "0.13.15",
				"esbuild-linux-32": "0.13.15",
				"esbuild-linux-64": "0.13.15",
				"esbuild-linux-arm": "0.13.15",
				"esbuild-linux-arm64": "0.13.15",
				"esbuild-linux-mips64le": "0.13.15",
				"esbuild-linux-ppc64le": "0.13.15",
				"esbuild-netbsd-64": "0.13.15",
				"esbuild-openbsd-64": "0.13.15",
				"esbuild-sunos-64": "0.13.15",
				"esbuild-windows-32": "0.13.15",
				"esbuild-windows-64": "0.13.15",
				"esbuild-windows-arm64": "0.13.15"
			}
		},
		"node_modules/esbuild-windows-64": {
			"version": "0.13.15",
			"cpu": [
				"x64"
			],
			"dev": true,
			"license": "MIT",
			"optional": true,
			"os": [
				"win32"
			]
		},
		"node_modules/estree-walker": {
			"version": "2.0.2",
			"dev": true,
			"license": "MIT"
		},
		"node_modules/fast-glob": {
			"version": "3.2.7",
			"dev": true,
			"license": "MIT",
			"dependencies": {
				"@nodelib/fs.stat": "^2.0.2",
				"@nodelib/fs.walk": "^1.2.3",
				"glob-parent": "^5.1.2",
				"merge2": "^1.3.0",
				"micromatch": "^4.0.4"
			},
			"engines": {
				"node": ">=8"
			}
		},
		"node_modules/fastq": {
			"version": "1.13.0",
			"dev": true,
			"license": "ISC",
			"dependencies": {
				"reusify": "^1.0.4"
			}
		},
		"node_modules/fill-range": {
			"version": "7.0.1",
			"dev": true,
			"license": "MIT",
			"dependencies": {
				"to-regex-range": "^5.0.1"
			},
			"engines": {
				"node": ">=8"
			}
		},
		"node_modules/fs-extra": {
			"version": "10.0.0",
			"dev": true,
			"license": "MIT",
			"dependencies": {
				"graceful-fs": "^4.2.0",
				"jsonfile": "^6.0.1",
				"universalify": "^2.0.0"
			},
			"engines": {
				"node": ">=12"
			}
		},
		"node_modules/fs.realpath": {
			"version": "1.0.0",
			"dev": true,
			"license": "ISC"
		},
		"node_modules/function-bind": {
			"version": "1.1.1",
			"dev": true,
			"license": "MIT"
		},
		"node_modules/glob": {
			"version": "7.2.0",
			"dev": true,
			"license": "ISC",
			"dependencies": {
				"fs.realpath": "^1.0.0",
				"inflight": "^1.0.4",
				"inherits": "2",
				"minimatch": "^3.0.4",
				"once": "^1.3.0",
				"path-is-absolute": "^1.0.0"
			},
			"engines": {
				"node": "*"
			},
			"funding": {
				"url": "https://github.com/sponsors/isaacs"
			}
		},
		"node_modules/glob-parent": {
			"version": "5.1.2",
			"dev": true,
			"license": "ISC",
			"dependencies": {
				"is-glob": "^4.0.1"
			},
			"engines": {
				"node": ">= 6"
			}
		},
		"node_modules/globalyzer": {
			"version": "0.1.0",
			"dev": true,
			"license": "MIT"
		},
		"node_modules/globrex": {
			"version": "0.1.2",
			"dev": true,
			"license": "MIT"
		},
		"node_modules/graceful-fs": {
			"version": "4.2.9",
			"dev": true,
			"license": "ISC"
		},
		"node_modules/has": {
			"version": "1.0.3",
			"dev": true,
			"license": "MIT",
			"dependencies": {
				"function-bind": "^1.1.1"
			},
			"engines": {
				"node": ">= 0.4.0"
			}
		},
		"node_modules/has-flag": {
			"version": "4.0.0",
			"dev": true,
			"license": "MIT",
			"engines": {
				"node": ">=8"
			}
		},
		"node_modules/idb-keyval": {
			"version": "3.2.0",
			"resolved": "https://registry.npmjs.org/idb-keyval/-/idb-keyval-3.2.0.tgz",
			"integrity": "sha512-slx8Q6oywCCSfKgPgL0sEsXtPVnSbTLWpyiDcu6msHOyKOLari1TD1qocXVCft80umnkk3/Qqh3lwoFt8T/BPQ=="
		},
		"node_modules/immortal-db": {
			"version": "1.1.0",
			"resolved": "https://registry.npmjs.org/immortal-db/-/immortal-db-1.1.0.tgz",
			"integrity": "sha512-RwtZT+FEdXrLQeHHKvQQx6SKlQelrcH7x1SLh5lQVcOZFtUNYPjc/ZaU52SsFI/T5rey+VdM87pxVOGKhuZLVw==",
			"dependencies": {
				"idb-keyval": "^3.2.0",
				"js-cookie": "^2.2.1"
			}
		},
		"node_modules/import-fresh": {
			"version": "3.3.0",
			"dev": true,
			"license": "MIT",
			"dependencies": {
				"parent-module": "^1.0.0",
				"resolve-from": "^4.0.0"
			},
			"engines": {
				"node": ">=6"
			},
			"funding": {
				"url": "https://github.com/sponsors/sindresorhus"
			}
		},
		"node_modules/inflight": {
			"version": "1.0.6",
			"dev": true,
			"license": "ISC",
			"dependencies": {
				"once": "^1.3.0",
				"wrappy": "1"
			}
		},
		"node_modules/inherits": {
			"version": "2.0.4",
			"dev": true,
			"license": "ISC"
		},
		"node_modules/is-binary-path": {
			"version": "2.1.0",
			"dev": true,
			"license": "MIT",
			"dependencies": {
				"binary-extensions": "^2.0.0"
			},
			"engines": {
				"node": ">=8"
			}
		},
		"node_modules/is-core-module": {
			"version": "2.8.1",
			"dev": true,
			"license": "MIT",
			"dependencies": {
				"has": "^1.0.3"
			},
			"funding": {
				"url": "https://github.com/sponsors/ljharb"
			}
		},
		"node_modules/is-extglob": {
			"version": "2.1.1",
			"dev": true,
			"license": "MIT",
			"engines": {
				"node": ">=0.10.0"
			}
		},
		"node_modules/is-glob": {
			"version": "4.0.3",
			"dev": true,
			"license": "MIT",
			"dependencies": {
				"is-extglob": "^2.1.1"
			},
			"engines": {
				"node": ">=0.10.0"
			}
		},
		"node_modules/is-number": {
			"version": "7.0.0",
			"dev": true,
			"license": "MIT",
			"engines": {
				"node": ">=0.12.0"
			}
		},
		"node_modules/js-cookie": {
			"version": "2.2.1",
			"resolved": "https://registry.npmjs.org/js-cookie/-/js-cookie-2.2.1.tgz",
			"integrity": "sha512-HvdH2LzI/EAZcUwA8+0nKNtWHqS+ZmijLA30RwZA0bo7ToCckjK5MkGhjED9KoRcXO6BaGI3I9UIzSA1FKFPOQ=="
		},
		"node_modules/jsonfile": {
			"version": "6.1.0",
			"dev": true,
			"license": "MIT",
			"dependencies": {
				"universalify": "^2.0.0"
			},
			"optionalDependencies": {
				"graceful-fs": "^4.1.6"
			}
		},
		"node_modules/kleur": {
			"version": "4.1.4",
			"dev": true,
			"license": "MIT",
			"engines": {
				"node": ">=6"
			}
		},
		"node_modules/magic-string": {
			"version": "0.25.7",
			"dev": true,
			"license": "MIT",
			"dependencies": {
				"sourcemap-codec": "^1.4.4"
			}
		},
		"node_modules/mdsvex": {
			"version": "0.9.8",
			"license": "MIT",
			"dependencies": {
				"@types/unist": "^2.0.3",
				"prism-svelte": "^0.4.7",
				"prismjs": "^1.17.1",
				"vfile-message": "^2.0.4"
			},
			"peerDependencies": {
				"svelte": "3.x"
			}
		},
		"node_modules/merge2": {
			"version": "1.4.1",
			"dev": true,
			"license": "MIT",
			"engines": {
				"node": ">= 8"
			}
		},
		"node_modules/micromatch": {
			"version": "4.0.4",
			"dev": true,
			"license": "MIT",
			"dependencies": {
				"braces": "^3.0.1",
				"picomatch": "^2.2.3"
			},
			"engines": {
				"node": ">=8.6"
			}
		},
		"node_modules/min-indent": {
			"version": "1.0.1",
			"dev": true,
			"license": "MIT",
			"engines": {
				"node": ">=4"
			}
		},
		"node_modules/minimatch": {
			"version": "3.0.4",
			"dev": true,
			"license": "ISC",
			"dependencies": {
				"brace-expansion": "^1.1.7"
			},
			"engines": {
				"node": "*"
			}
		},
		"node_modules/minimist": {
			"version": "1.2.5",
			"dev": true,
			"license": "MIT"
		},
		"node_modules/mkdirp": {
			"version": "0.5.5",
			"dev": true,
			"license": "MIT",
			"dependencies": {
				"minimist": "^1.2.5"
			},
			"bin": {
				"mkdirp": "bin/cmd.js"
			}
		},
		"node_modules/mri": {
			"version": "1.2.0",
			"dev": true,
			"license": "MIT",
			"engines": {
				"node": ">=4"
			}
		},
		"node_modules/ms": {
			"version": "2.1.2",
			"dev": true,
			"license": "MIT"
		},
		"node_modules/nanoid": {
			"version": "3.1.30",
			"dev": true,
			"license": "MIT",
			"bin": {
				"nanoid": "bin/nanoid.cjs"
			},
			"engines": {
				"node": "^10 || ^12 || ^13.7 || ^14 || >=15.0.1"
			}
		},
		"node_modules/normalize-path": {
			"version": "3.0.0",
			"dev": true,
			"license": "MIT",
			"engines": {
				"node": ">=0.10.0"
			}
		},
		"node_modules/once": {
			"version": "1.4.0",
			"dev": true,
			"license": "ISC",
			"dependencies": {
				"wrappy": "1"
			}
		},
		"node_modules/parent-module": {
			"version": "1.0.1",
			"dev": true,
			"license": "MIT",
			"dependencies": {
				"callsites": "^3.0.0"
			},
			"engines": {
				"node": ">=6"
			}
		},
		"node_modules/path-is-absolute": {
			"version": "1.0.1",
			"dev": true,
			"license": "MIT",
			"engines": {
				"node": ">=0.10.0"
			}
		},
		"node_modules/path-parse": {
			"version": "1.0.7",
			"dev": true,
			"license": "MIT"
		},
		"node_modules/penpal": {
			"version": "6.2.2",
			"resolved": "https://registry.npmjs.org/penpal/-/penpal-6.2.2.tgz",
			"integrity": "sha512-RQD7hTx14/LY7QoS3tQYO3/fzVtwvZI+JeS5udgsu7FPaEDjlvfK9HBcme9/ipzSPKnrxSgacI9PI7154W62YQ=="
		},
		"node_modules/picocolors": {
			"version": "1.0.0",
			"dev": true,
			"license": "ISC"
		},
		"node_modules/picomatch": {
			"version": "2.3.1",
			"dev": true,
			"license": "MIT",
			"engines": {
				"node": ">=8.6"
			},
			"funding": {
				"url": "https://github.com/sponsors/jonschlinkert"
			}
		},
		"node_modules/postcss": {
			"version": "8.4.5",
			"dev": true,
			"license": "MIT",
			"dependencies": {
				"nanoid": "^3.1.30",
				"picocolors": "^1.0.0",
				"source-map-js": "^1.0.1"
			},
			"engines": {
				"node": "^10 || ^12 || >=14"
			},
			"funding": {
				"type": "opencollective",
				"url": "https://opencollective.com/postcss/"
			}
		},
		"node_modules/prettier": {
			"version": "2.5.1",
			"dev": true,
			"license": "MIT",
			"bin": {
				"prettier": "bin-prettier.js"
			},
			"engines": {
				"node": ">=10.13.0"
			}
		},
		"node_modules/prettier-plugin-svelte": {
			"version": "2.5.1",
			"dev": true,
			"license": "MIT",
			"peerDependencies": {
				"prettier": "^1.16.4 || ^2.0.0",
				"svelte": "^3.2.0"
			}
		},
		"node_modules/prism-svelte": {
			"version": "0.4.7",
			"license": "MIT"
		},
		"node_modules/prismjs": {
			"version": "1.25.0",
			"license": "MIT"
		},
		"node_modules/queue-microtask": {
			"version": "1.2.3",
			"dev": true,
			"funding": [
				{
					"type": "github",
					"url": "https://github.com/sponsors/feross"
				},
				{
					"type": "patreon",
					"url": "https://www.patreon.com/feross"
				},
				{
					"type": "consulting",
					"url": "https://feross.org/support"
				}
			],
			"license": "MIT"
		},
		"node_modules/readdirp": {
			"version": "3.6.0",
			"dev": true,
			"license": "MIT",
			"dependencies": {
				"picomatch": "^2.2.1"
			},
			"engines": {
				"node": ">=8.10.0"
			}
		},
		"node_modules/require-relative": {
			"version": "0.8.7",
			"dev": true,
			"license": "MIT"
		},
		"node_modules/resolve": {
			"version": "1.21.0",
			"dev": true,
			"license": "MIT",
			"dependencies": {
				"is-core-module": "^2.8.0",
				"path-parse": "^1.0.7",
				"supports-preserve-symlinks-flag": "^1.0.0"
			},
			"bin": {
				"resolve": "bin/resolve"
			},
			"funding": {
				"url": "https://github.com/sponsors/ljharb"
			}
		},
		"node_modules/resolve-from": {
			"version": "4.0.0",
			"dev": true,
			"license": "MIT",
			"engines": {
				"node": ">=4"
			}
		},
		"node_modules/reusify": {
			"version": "1.0.4",
			"dev": true,
			"license": "MIT",
			"engines": {
				"iojs": ">=1.0.0",
				"node": ">=0.10.0"
			}
		},
		"node_modules/rimraf": {
			"version": "2.7.1",
			"dev": true,
			"license": "ISC",
			"dependencies": {
				"glob": "^7.1.3"
			},
			"bin": {
				"rimraf": "bin.js"
			}
		},
		"node_modules/rollup": {
			"version": "2.63.0",
			"dev": true,
			"license": "MIT",
			"bin": {
				"rollup": "dist/bin/rollup"
			},
			"engines": {
				"node": ">=10.0.0"
			},
			"optionalDependencies": {
				"fsevents": "~2.3.2"
			}
		},
		"node_modules/run-parallel": {
			"version": "1.2.0",
			"dev": true,
			"funding": [
				{
					"type": "github",
					"url": "https://github.com/sponsors/feross"
				},
				{
					"type": "patreon",
					"url": "https://www.patreon.com/feross"
				},
				{
					"type": "consulting",
					"url": "https://feross.org/support"
				}
			],
			"license": "MIT",
			"dependencies": {
				"queue-microtask": "^1.2.2"
			}
		},
		"node_modules/sade": {
			"version": "1.8.1",
			"dev": true,
			"license": "MIT",
			"dependencies": {
				"mri": "^1.1.0"
			},
			"engines": {
				"node": ">=6"
			}
		},
		"node_modules/sander": {
			"version": "0.5.1",
			"dev": true,
			"license": "MIT",
			"dependencies": {
				"es6-promise": "^3.1.2",
				"graceful-fs": "^4.1.3",
				"mkdirp": "^0.5.1",
				"rimraf": "^2.5.2"
			}
		},
		"node_modules/slash": {
			"version": "4.0.0",
			"dev": true,
			"license": "MIT",
			"engines": {
				"node": ">=12"
			},
			"funding": {
				"url": "https://github.com/sponsors/sindresorhus"
			}
		},
		"node_modules/sorcery": {
			"version": "0.10.0",
			"dev": true,
			"license": "MIT",
			"dependencies": {
				"buffer-crc32": "^0.2.5",
				"minimist": "^1.2.0",
				"sander": "^0.5.0",
				"sourcemap-codec": "^1.3.0"
			},
			"bin": {
				"sorcery": "bin/index.js"
			}
		},
		"node_modules/source-map": {
			"version": "0.7.3",
			"dev": true,
			"license": "BSD-3-Clause",
			"engines": {
				"node": ">= 8"
			}
		},
		"node_modules/source-map-js": {
			"version": "1.0.1",
			"dev": true,
			"license": "BSD-3-Clause",
			"engines": {
				"node": ">=0.10.0"
			}
		},
		"node_modules/sourcemap-codec": {
			"version": "1.4.8",
			"dev": true,
			"license": "MIT"
		},
		"node_modules/strip-indent": {
			"version": "3.0.0",
			"dev": true,
			"license": "MIT",
			"dependencies": {
				"min-indent": "^1.0.0"
			},
			"engines": {
				"node": ">=8"
			}
		},
		"node_modules/supports-color": {
			"version": "7.2.0",
			"dev": true,
			"license": "MIT",
			"dependencies": {
				"has-flag": "^4.0.0"
			},
			"engines": {
				"node": ">=8"
			}
		},
		"node_modules/supports-preserve-symlinks-flag": {
			"version": "1.0.0",
			"dev": true,
			"license": "MIT",
			"engines": {
				"node": ">= 0.4"
			},
			"funding": {
				"url": "https://github.com/sponsors/ljharb"
			}
		},
		"node_modules/svelte": {
			"version": "3.44.3",
			"license": "MIT",
			"engines": {
				"node": ">= 8"
			}
		},
		"node_modules/svelte-check": {
			"version": "2.2.11",
			"dev": true,
			"license": "MIT",
			"dependencies": {
				"chalk": "^4.0.0",
				"chokidar": "^3.4.1",
				"fast-glob": "^3.2.7",
				"import-fresh": "^3.2.1",
				"minimist": "^1.2.5",
				"sade": "^1.7.4",
				"source-map": "^0.7.3",
				"svelte-preprocess": "^4.0.0",
				"typescript": "*"
			},
			"bin": {
				"svelte-check": "bin/svelte-check"
			},
			"peerDependencies": {
				"svelte": "^3.24.0"
			}
		},
		"node_modules/svelte-drag": {
			"version": "2.5.0",
			"resolved": "https://registry.npmjs.org/svelte-drag/-/svelte-drag-2.5.0.tgz",
			"integrity": "sha512-o35EAtcbpyRnIJUxx7DkRk7abDOOmuzHcevXcapifqMCBKfgQChrejG5veTOAi1GOnu1QSRscCmloBSb2nNv1A==",
			"deprecated": "Instead use @neodrag/svelte"
		},
		"node_modules/svelte-hmr": {
			"version": "0.14.9",
			"dev": true,
			"license": "ISC",
			"peerDependencies": {
				"svelte": ">=3.19.0"
			}
		},
		"node_modules/svelte-preprocess": {
			"version": "4.10.1",
			"dev": true,
			"hasInstallScript": true,
			"license": "MIT",
			"dependencies": {
				"@types/pug": "^2.0.4",
				"@types/sass": "^1.16.0",
				"detect-indent": "^6.0.0",
				"magic-string": "^0.25.7",
				"sorcery": "^0.10.0",
				"strip-indent": "^3.0.0"
			},
			"engines": {
				"node": ">= 9.11.2"
			},
			"peerDependencies": {
				"@babel/core": "^7.10.2",
				"coffeescript": "^2.5.1",
				"less": "^3.11.3",
				"postcss": "^7 || ^8",
				"postcss-load-config": "^2.1.0 || ^3.0.0",
				"pug": "^3.0.0",
				"sass": "^1.26.8",
				"stylus": "^0.54.7",
				"sugarss": "^2.0.0",
				"svelte": "^3.23.0",
				"typescript": "^4.5.2"
			},
			"peerDependenciesMeta": {
				"@babel/core": {
					"optional": true
				},
				"coffeescript": {
					"optional": true
				},
				"less": {
					"optional": true
				},
				"node-sass": {
					"optional": true
				},
				"postcss": {
					"optional": true
				},
				"postcss-load-config": {
					"optional": true
				},
				"pug": {
					"optional": true
				},
				"sass": {
					"optional": true
				},
				"stylus": {
					"optional": true
				},
				"sugarss": {
					"optional": true
				},
				"typescript": {
					"optional": true
				}
			}
		},
		"node_modules/svelte-typewriter": {
			"version": "3.0.0-alpha.5",
			"license": "MIT",
			"peerDependencies": {
				"svelte": ">=3.28.x"
			}
		},
		"node_modules/sveltejs-adapter-ipfs": {
			"version": "0.1.10",
			"dev": true,
			"dependencies": {
				"fs-extra": "^10.0.0",
				"slash": "^4.0.0"
			}
		},
		"node_modules/tiny-glob": {
			"version": "0.2.9",
			"dev": true,
			"license": "MIT",
			"dependencies": {
				"globalyzer": "0.1.0",
				"globrex": "^0.1.2"
			}
		},
		"node_modules/to-regex-range": {
			"version": "5.0.1",
			"dev": true,
			"license": "MIT",
			"dependencies": {
				"is-number": "^7.0.0"
			},
			"engines": {
				"node": ">=8.0"
			}
		},
		"node_modules/tslib": {
			"version": "2.3.1",
			"dev": true,
			"license": "0BSD"
		},
		"node_modules/typescript": {
			"version": "4.5.4",
			"dev": true,
			"license": "Apache-2.0",
			"bin": {
				"tsc": "bin/tsc",
				"tsserver": "bin/tsserver"
			},
			"engines": {
				"node": ">=4.2.0"
			}
		},
		"node_modules/unist-util-stringify-position": {
			"version": "2.0.3",
			"license": "MIT",
			"dependencies": {
				"@types/unist": "^2.0.2"
			},
			"funding": {
				"type": "opencollective",
				"url": "https://opencollective.com/unified"
			}
		},
		"node_modules/universalify": {
			"version": "2.0.0",
			"dev": true,
			"license": "MIT",
			"engines": {
				"node": ">= 10.0.0"
			}
		},
		"node_modules/vfile-message": {
			"version": "2.0.4",
			"license": "MIT",
			"dependencies": {
				"@types/unist": "^2.0.0",
				"unist-util-stringify-position": "^2.0.0"
			},
			"funding": {
				"type": "opencollective",
				"url": "https://opencollective.com/unified"
			}
		},
		"node_modules/vite": {
			"version": "2.7.10",
			"dev": true,
			"license": "MIT",
			"dependencies": {
				"esbuild": "^0.13.12",
				"postcss": "^8.4.5",
				"resolve": "^1.20.0",
				"rollup": "^2.59.0"
			},
			"bin": {
				"vite": "bin/vite.js"
			},
			"engines": {
				"node": ">=12.2.0"
			},
			"optionalDependencies": {
				"fsevents": "~2.3.2"
			},
			"peerDependencies": {
				"less": "*",
				"sass": "*",
				"stylus": "*"
			},
			"peerDependenciesMeta": {
				"less": {
					"optional": true
				},
				"sass": {
					"optional": true
				},
				"stylus": {
					"optional": true
				}
			}
		},
		"node_modules/wrappy": {
			"version": "1.0.2",
			"dev": true,
			"license": "ISC"
		}
	},
	"dependencies": {
		"@fontsource/fira-mono": {
			"version": "4.5.0"
		},
		"@iarna/toml": {
			"version": "2.2.5",
			"dev": true
		},
		"@lukeed/csprng": {
			"version": "1.0.1"
		},
		"@lukeed/uuid": {
			"version": "2.0.0",
			"requires": {
				"@lukeed/csprng": "^1.0.0"
			}
		},
		"@nodelib/fs.scandir": {
			"version": "2.1.5",
			"dev": true,
			"requires": {
				"@nodelib/fs.stat": "2.0.5",
				"run-parallel": "^1.1.9"
			}
		},
		"@nodelib/fs.stat": {
			"version": "2.0.5",
			"dev": true
		},
		"@nodelib/fs.walk": {
			"version": "1.2.8",
			"dev": true,
			"requires": {
				"@nodelib/fs.scandir": "2.1.5",
				"fastq": "^1.6.0"
			}
		},
		"@peerpiper/web3-wallet-connector": {
			"version": "git+ssh://git@github.com/peerpiper/web3-wallet-connector.git#b89f2e4814d4f8827f0cb72f9e70f6547a62065e",
			"from": "@peerpiper/web3-wallet-connector@github:@peerpiper/web3-wallet-connector",
			"requires": {
				"immortal-db": "^1.1.0",
				"penpal": "^6.2.1",
				"svelte-drag": "^2.4.0"
			}
		},
		"@rollup/pluginutils": {
			"version": "4.1.2",
			"dev": true,
			"requires": {
				"estree-walker": "^2.0.1",
				"picomatch": "^2.2.2"
			}
		},
		"@sveltejs/adapter-auto": {
			"version": "1.0.0-next.9",
			"resolved": "https://registry.npmjs.org/@sveltejs/adapter-auto/-/adapter-auto-1.0.0-next.9.tgz",
			"integrity": "sha512-dx3NgDHIG7DdhjiAnAE7vLRf9odON0J3AEMFiTpIBf3nmnwmX6Xqxtr4Ai09Sjo23sWnMRFU/flqf6V6otigBA==",
			"dev": true,
			"requires": {
				"@sveltejs/adapter-cloudflare": "1.0.0-next.6",
				"@sveltejs/adapter-netlify": "1.0.0-next.37",
				"@sveltejs/adapter-vercel": "1.0.0-next.35"
			}
		},
		"@sveltejs/adapter-cloudflare": {
			"version": "1.0.0-next.6",
			"dev": true,
			"requires": {
				"esbuild": "^0.13.15"
			}
		},
		"@sveltejs/adapter-netlify": {
			"version": "1.0.0-next.37",
			"dev": true,
			"requires": {
				"@iarna/toml": "^2.2.5",
				"esbuild": "^0.13.15",
				"tiny-glob": "^0.2.9"
			}
		},
		"@sveltejs/adapter-static": {
			"version": "1.0.0-next.24",
			"dev": true,
			"requires": {
				"tiny-glob": "^0.2.9"
			}
		},
		"@sveltejs/adapter-vercel": {
			"version": "1.0.0-next.35",
			"dev": true,
			"requires": {
				"esbuild": "^0.13.15"
			}
		},
		"@sveltejs/kit": {
			"version": "1.0.0-next.216",
			"resolved": "https://registry.npmjs.org/@sveltejs/kit/-/kit-1.0.0-next.216.tgz",
			"integrity": "sha512-FKg7PPlymsZ2aU8DteY1BH217M2dIAgfWzm8OVqazQn2uLbw25WbVqSJ5KdgW83mLYoxSWUNPrJX3TJNEG6jVg==",
			"dev": true,
			"requires": {
				"@sveltejs/vite-plugin-svelte": "^1.0.0-next.32",
				"sade": "^1.7.4",
				"vite": "^2.7.2"
			}
		},
		"@sveltejs/vite-plugin-svelte": {
			"version": "1.0.0-next.34",
			"dev": true,
			"requires": {
				"@rollup/pluginutils": "^4.1.2",
				"debug": "^4.3.3",
				"kleur": "^4.1.4",
				"magic-string": "^0.25.7",
				"require-relative": "^0.8.7",
				"svelte-hmr": "^0.14.9"
			}
		},
		"@types/cookie": {
			"version": "0.4.1",
			"dev": true
		},
		"@types/node": {
			"version": "17.0.8",
			"dev": true
		},
		"@types/pug": {
			"version": "2.0.6",
			"dev": true
		},
		"@types/sass": {
			"version": "1.43.1",
			"dev": true,
			"requires": {
				"@types/node": "*"
			}
		},
		"@types/unist": {
			"version": "2.0.6"
		},
		"ansi-styles": {
			"version": "4.3.0",
			"dev": true,
			"requires": {
				"color-convert": "^2.0.1"
			}
		},
		"anymatch": {
			"version": "3.1.2",
			"dev": true,
			"requires": {
				"normalize-path": "^3.0.0",
				"picomatch": "^2.0.4"
			}
		},
		"balanced-match": {
			"version": "1.0.2",
			"dev": true
		},
		"binary-extensions": {
			"version": "2.2.0",
			"dev": true
		},
		"brace-expansion": {
			"version": "1.1.11",
			"dev": true,
			"requires": {
				"balanced-match": "^1.0.0",
				"concat-map": "0.0.1"
			}
		},
		"braces": {
			"version": "3.0.2",
			"dev": true,
			"requires": {
				"fill-range": "^7.0.1"
			}
		},
		"buffer-crc32": {
			"version": "0.2.13",
			"dev": true
		},
		"callsites": {
			"version": "3.1.0",
			"dev": true
		},
		"chalk": {
			"version": "4.1.2",
			"dev": true,
			"requires": {
				"ansi-styles": "^4.1.0",
				"supports-color": "^7.1.0"
			}
		},
		"chokidar": {
			"version": "3.5.2",
			"dev": true,
			"requires": {
				"anymatch": "~3.1.2",
				"braces": "~3.0.2",
				"fsevents": "~2.3.2",
				"glob-parent": "~5.1.2",
				"is-binary-path": "~2.1.0",
				"is-glob": "~4.0.1",
				"normalize-path": "~3.0.0",
				"readdirp": "~3.6.0"
			}
		},
		"color-convert": {
			"version": "2.0.1",
			"dev": true,
			"requires": {
				"color-name": "~1.1.4"
			}
		},
		"color-name": {
			"version": "1.1.4",
			"dev": true
		},
		"concat-map": {
			"version": "0.0.1",
			"dev": true
		},
		"cookie": {
			"version": "0.4.1"
		},
		"debug": {
			"version": "4.3.3",
			"dev": true,
			"requires": {
				"ms": "2.1.2"
			}
		},
		"detect-indent": {
			"version": "6.1.0",
			"dev": true
		},
		"es6-promise": {
			"version": "3.3.1",
			"dev": true
		},
		"esbuild": {
			"version": "0.13.15",
			"dev": true,
			"requires": {
				"esbuild-android-arm64": "0.13.15",
				"esbuild-darwin-64": "0.13.15",
				"esbuild-darwin-arm64": "0.13.15",
				"esbuild-freebsd-64": "0.13.15",
				"esbuild-freebsd-arm64": "0.13.15",
				"esbuild-linux-32": "0.13.15",
				"esbuild-linux-64": "0.13.15",
				"esbuild-linux-arm": "0.13.15",
				"esbuild-linux-arm64": "0.13.15",
				"esbuild-linux-mips64le": "0.13.15",
				"esbuild-linux-ppc64le": "0.13.15",
				"esbuild-netbsd-64": "0.13.15",
				"esbuild-openbsd-64": "0.13.15",
				"esbuild-sunos-64": "0.13.15",
				"esbuild-windows-32": "0.13.15",
				"esbuild-windows-64": "0.13.15",
				"esbuild-windows-arm64": "0.13.15"
			}
		},
		"esbuild-windows-64": {
			"version": "0.13.15",
			"dev": true,
			"optional": true
		},
		"estree-walker": {
			"version": "2.0.2",
			"dev": true
		},
		"fast-glob": {
			"version": "3.2.7",
			"dev": true,
			"requires": {
				"@nodelib/fs.stat": "^2.0.2",
				"@nodelib/fs.walk": "^1.2.3",
				"glob-parent": "^5.1.2",
				"merge2": "^1.3.0",
				"micromatch": "^4.0.4"
			}
		},
		"fastq": {
			"version": "1.13.0",
			"dev": true,
			"requires": {
				"reusify": "^1.0.4"
			}
		},
		"fill-range": {
			"version": "7.0.1",
			"dev": true,
			"requires": {
				"to-regex-range": "^5.0.1"
			}
		},
		"fs-extra": {
			"version": "10.0.0",
			"dev": true,
			"requires": {
				"graceful-fs": "^4.2.0",
				"jsonfile": "^6.0.1",
				"universalify": "^2.0.0"
			}
		},
		"fs.realpath": {
			"version": "1.0.0",
			"dev": true
		},
		"function-bind": {
			"version": "1.1.1",
			"dev": true
		},
		"glob": {
			"version": "7.2.0",
			"dev": true,
			"requires": {
				"fs.realpath": "^1.0.0",
				"inflight": "^1.0.4",
				"inherits": "2",
				"minimatch": "^3.0.4",
				"once": "^1.3.0",
				"path-is-absolute": "^1.0.0"
			}
		},
		"glob-parent": {
			"version": "5.1.2",
			"dev": true,
			"requires": {
				"is-glob": "^4.0.1"
			}
		},
		"globalyzer": {
			"version": "0.1.0",
			"dev": true
		},
		"globrex": {
			"version": "0.1.2",
			"dev": true
		},
		"graceful-fs": {
			"version": "4.2.9",
			"dev": true
		},
		"has": {
			"version": "1.0.3",
			"dev": true,
			"requires": {
				"function-bind": "^1.1.1"
			}
		},
		"has-flag": {
			"version": "4.0.0",
			"dev": true
		},
		"idb-keyval": {
			"version": "3.2.0",
			"resolved": "https://registry.npmjs.org/idb-keyval/-/idb-keyval-3.2.0.tgz",
			"integrity": "sha512-slx8Q6oywCCSfKgPgL0sEsXtPVnSbTLWpyiDcu6msHOyKOLari1TD1qocXVCft80umnkk3/Qqh3lwoFt8T/BPQ=="
		},
		"immortal-db": {
			"version": "1.1.0",
			"resolved": "https://registry.npmjs.org/immortal-db/-/immortal-db-1.1.0.tgz",
			"integrity": "sha512-RwtZT+FEdXrLQeHHKvQQx6SKlQelrcH7x1SLh5lQVcOZFtUNYPjc/ZaU52SsFI/T5rey+VdM87pxVOGKhuZLVw==",
			"requires": {
				"idb-keyval": "^3.2.0",
				"js-cookie": "^2.2.1"
			}
		},
		"import-fresh": {
			"version": "3.3.0",
			"dev": true,
			"requires": {
				"parent-module": "^1.0.0",
				"resolve-from": "^4.0.0"
			}
		},
		"inflight": {
			"version": "1.0.6",
			"dev": true,
			"requires": {
				"once": "^1.3.0",
				"wrappy": "1"
			}
		},
		"inherits": {
			"version": "2.0.4",
			"dev": true
		},
		"is-binary-path": {
			"version": "2.1.0",
			"dev": true,
			"requires": {
				"binary-extensions": "^2.0.0"
			}
		},
		"is-core-module": {
			"version": "2.8.1",
			"dev": true,
			"requires": {
				"has": "^1.0.3"
			}
		},
		"is-extglob": {
			"version": "2.1.1",
			"dev": true
		},
		"is-glob": {
			"version": "4.0.3",
			"dev": true,
			"requires": {
				"is-extglob": "^2.1.1"
			}
		},
		"is-number": {
			"version": "7.0.0",
			"dev": true
		},
		"js-cookie": {
			"version": "2.2.1",
			"resolved": "https://registry.npmjs.org/js-cookie/-/js-cookie-2.2.1.tgz",
			"integrity": "sha512-HvdH2LzI/EAZcUwA8+0nKNtWHqS+ZmijLA30RwZA0bo7ToCckjK5MkGhjED9KoRcXO6BaGI3I9UIzSA1FKFPOQ=="
		},
		"jsonfile": {
			"version": "6.1.0",
			"dev": true,
			"requires": {
				"graceful-fs": "^4.1.6",
				"universalify": "^2.0.0"
			}
		},
		"kleur": {
			"version": "4.1.4",
			"dev": true
		},
		"magic-string": {
			"version": "0.25.7",
			"dev": true,
			"requires": {
				"sourcemap-codec": "^1.4.4"
			}
		},
		"mdsvex": {
			"version": "0.9.8",
			"requires": {
				"@types/unist": "^2.0.3",
				"prism-svelte": "^0.4.7",
				"prismjs": "^1.17.1",
				"vfile-message": "^2.0.4"
			}
		},
		"merge2": {
			"version": "1.4.1",
			"dev": true
		},
		"micromatch": {
			"version": "4.0.4",
			"dev": true,
			"requires": {
				"braces": "^3.0.1",
				"picomatch": "^2.2.3"
			}
		},
		"min-indent": {
			"version": "1.0.1",
			"dev": true
		},
		"minimatch": {
			"version": "3.0.4",
			"dev": true,
			"requires": {
				"brace-expansion": "^1.1.7"
			}
		},
		"minimist": {
			"version": "1.2.5",
			"dev": true
		},
		"mkdirp": {
			"version": "0.5.5",
			"dev": true,
			"requires": {
				"minimist": "^1.2.5"
			}
		},
		"mri": {
			"version": "1.2.0",
			"dev": true
		},
		"ms": {
			"version": "2.1.2",
			"dev": true
		},
		"nanoid": {
			"version": "3.1.30",
			"dev": true
		},
		"normalize-path": {
			"version": "3.0.0",
			"dev": true
		},
		"once": {
			"version": "1.4.0",
			"dev": true,
			"requires": {
				"wrappy": "1"
			}
		},
		"parent-module": {
			"version": "1.0.1",
			"dev": true,
			"requires": {
				"callsites": "^3.0.0"
			}
		},
		"path-is-absolute": {
			"version": "1.0.1",
			"dev": true
		},
		"path-parse": {
			"version": "1.0.7",
			"dev": true
		},
		"penpal": {
			"version": "6.2.2",
			"resolved": "https://registry.npmjs.org/penpal/-/penpal-6.2.2.tgz",
			"integrity": "sha512-RQD7hTx14/LY7QoS3tQYO3/fzVtwvZI+JeS5udgsu7FPaEDjlvfK9HBcme9/ipzSPKnrxSgacI9PI7154W62YQ=="
		},
		"picocolors": {
			"version": "1.0.0",
			"dev": true
		},
		"picomatch": {
			"version": "2.3.1",
			"dev": true
		},
		"postcss": {
			"version": "8.4.5",
			"dev": true,
			"requires": {
				"nanoid": "^3.1.30",
				"picocolors": "^1.0.0",
				"source-map-js": "^1.0.1"
			}
		},
		"prettier": {
			"version": "2.5.1",
			"dev": true
		},
		"prettier-plugin-svelte": {
			"version": "2.5.1",
			"dev": true,
			"requires": {}
		},
		"prism-svelte": {
			"version": "0.4.7"
		},
		"prismjs": {
			"version": "1.25.0"
		},
		"queue-microtask": {
			"version": "1.2.3",
			"dev": true
		},
		"readdirp": {
			"version": "3.6.0",
			"dev": true,
			"requires": {
				"picomatch": "^2.2.1"
			}
		},
		"require-relative": {
			"version": "0.8.7",
			"dev": true
		},
		"resolve": {
			"version": "1.21.0",
			"dev": true,
			"requires": {
				"is-core-module": "^2.8.0",
				"path-parse": "^1.0.7",
				"supports-preserve-symlinks-flag": "^1.0.0"
			}
		},
		"resolve-from": {
			"version": "4.0.0",
			"dev": true
		},
		"reusify": {
			"version": "1.0.4",
			"dev": true
		},
		"rimraf": {
			"version": "2.7.1",
			"dev": true,
			"requires": {
				"glob": "^7.1.3"
			}
		},
		"rollup": {
			"version": "2.63.0",
			"dev": true,
			"requires": {
				"fsevents": "~2.3.2"
			}
		},
		"run-parallel": {
			"version": "1.2.0",
			"dev": true,
			"requires": {
				"queue-microtask": "^1.2.2"
			}
		},
		"sade": {
			"version": "1.8.1",
			"dev": true,
			"requires": {
				"mri": "^1.1.0"
			}
		},
		"sander": {
			"version": "0.5.1",
			"dev": true,
			"requires": {
				"es6-promise": "^3.1.2",
				"graceful-fs": "^4.1.3",
				"mkdirp": "^0.5.1",
				"rimraf": "^2.5.2"
			}
		},
		"slash": {
			"version": "4.0.0",
			"dev": true
		},
		"sorcery": {
			"version": "0.10.0",
			"dev": true,
			"requires": {
				"buffer-crc32": "^0.2.5",
				"minimist": "^1.2.0",
				"sander": "^0.5.0",
				"sourcemap-codec": "^1.3.0"
			}
		},
		"source-map": {
			"version": "0.7.3",
			"dev": true
		},
		"source-map-js": {
			"version": "1.0.1",
			"dev": true
		},
		"sourcemap-codec": {
			"version": "1.4.8",
			"dev": true
		},
		"strip-indent": {
			"version": "3.0.0",
			"dev": true,
			"requires": {
				"min-indent": "^1.0.0"
			}
		},
		"supports-color": {
			"version": "7.2.0",
			"dev": true,
			"requires": {
				"has-flag": "^4.0.0"
			}
		},
		"supports-preserve-symlinks-flag": {
			"version": "1.0.0",
			"dev": true
		},
		"svelte": {
			"version": "3.44.3"
		},
		"svelte-check": {
			"version": "2.2.11",
			"dev": true,
			"requires": {
				"chalk": "^4.0.0",
				"chokidar": "^3.4.1",
				"fast-glob": "^3.2.7",
				"import-fresh": "^3.2.1",
				"minimist": "^1.2.5",
				"sade": "^1.7.4",
				"source-map": "^0.7.3",
				"svelte-preprocess": "^4.0.0",
				"typescript": "*"
			}
		},
		"svelte-drag": {
			"version": "2.5.0",
			"resolved": "https://registry.npmjs.org/svelte-drag/-/svelte-drag-2.5.0.tgz",
			"integrity": "sha512-o35EAtcbpyRnIJUxx7DkRk7abDOOmuzHcevXcapifqMCBKfgQChrejG5veTOAi1GOnu1QSRscCmloBSb2nNv1A=="
		},
		"svelte-hmr": {
			"version": "0.14.9",
			"dev": true,
			"requires": {}
		},
		"svelte-preprocess": {
			"version": "4.10.1",
			"dev": true,
			"requires": {
				"@types/pug": "^2.0.4",
				"@types/sass": "^1.16.0",
				"detect-indent": "^6.0.0",
				"magic-string": "^0.25.7",
				"sorcery": "^0.10.0",
				"strip-indent": "^3.0.0"
			}
		},
		"svelte-typewriter": {
			"version": "3.0.0-alpha.5",
			"requires": {}
		},
		"sveltejs-adapter-ipfs": {
			"version": "0.1.10",
			"dev": true,
			"requires": {
				"fs-extra": "^10.0.0",
				"slash": "^4.0.0"
			}
		},
		"tiny-glob": {
			"version": "0.2.9",
			"dev": true,
			"requires": {
				"globalyzer": "0.1.0",
				"globrex": "^0.1.2"
			}
		},
		"to-regex-range": {
			"version": "5.0.1",
			"dev": true,
			"requires": {
				"is-number": "^7.0.0"
			}
		},
		"tslib": {
			"version": "2.3.1",
			"dev": true
		},
		"typescript": {
			"version": "4.5.4",
			"dev": true
		},
		"unist-util-stringify-position": {
			"version": "2.0.3",
			"requires": {
				"@types/unist": "^2.0.2"
			}
		},
		"universalify": {
			"version": "2.0.0",
			"dev": true
		},
		"vfile-message": {
			"version": "2.0.4",
			"requires": {
				"@types/unist": "^2.0.0",
				"unist-util-stringify-position": "^2.0.0"
			}
		},
		"vite": {
			"version": "2.7.10",
			"dev": true,
			"requires": {
				"esbuild": "^0.13.12",
				"fsevents": "~2.3.2",
				"postcss": "^8.4.5",
				"resolve": "^1.20.0",
				"rollup": "^2.59.0"
			}
		},
		"wrappy": {
			"version": "1.0.2",
			"dev": true
		}
	}
}
